// !$*UTF8*$!
{
	archiveVersion = 1;
	classes = {
	};
	objectVersion = 56;
	objects = {

/* Begin PBXBuildFile section */
		15A475462A7B6F35009658A0 /* Quiz_GameApp.swift in Sources */ = {isa = PBXBuildFile; fileRef = 15A475452A7B6F35009658A0 /* Quiz_GameApp.swift */; };
		15A475482A7B6F35009658A0 /* ContentView.swift in Sources */ = {isa = PBXBuildFile; fileRef = 15A475472A7B6F35009658A0 /* ContentView.swift */; };
		15A4754A2A7B6F38009658A0 /* Assets.xcassets in Resources */ = {isa = PBXBuildFile; fileRef = 15A475492A7B6F38009658A0 /* Assets.xcassets */; };
		15A4754D2A7B6F38009658A0 /* Preview Assets.xcassets in Resources */ = {isa = PBXBuildFile; fileRef = 15A4754C2A7B6F38009658A0 /* Preview Assets.xcassets */; };
		15A475562A7B705B009658A0 /* DataModel.swift in Sources */ = {isa = PBXBuildFile; fileRef = 15A475552A7B705B009658A0 /* DataModel.swift */; };
		15A475582A7B70F5009658A0 /* API.swift in Sources */ = {isa = PBXBuildFile; fileRef = 15A475572A7B70F5009658A0 /* API.swift */; };
		15A4755A2A7B77A8009658A0 /* StartView.swift in Sources */ = {isa = PBXBuildFile; fileRef = 15A475592A7B77A8009658A0 /* StartView.swift */; };
		15A4755C2A7C01F9009658A0 /* QuestionView.swift in Sources */ = {isa = PBXBuildFile; fileRef = 15A4755B2A7C01F9009658A0 /* QuestionView.swift */; };
		15A4755E2A7CBD8B009658A0 /* EndView.swift in Sources */ = {isa = PBXBuildFile; fileRef = 15A4755D2A7CBD8B009658A0 /* EndView.swift */; };
/* End PBXBuildFile section */

/* Begin PBXFileReference section */
		15A475422A7B6F35009658A0 /* Quiz Game.app */ = {isa = PBXFileReference; explicitFileType = wrapper.application; includeInIndex = 0; path = "Quiz Game.app"; sourceTree = BUILT_PRODUCTS_DIR; };
		15A475452A7B6F35009658A0 /* Quiz_GameApp.swift */ = {isa = PBXFileReference; lastKnownFileType = sourcecode.swift; path = Quiz_GameApp.swift; sourceTree = "<group>"; };
		15A475472A7B6F35009658A0 /* ContentView.swift */ = {isa = PBXFileReference; lastKnownFileType = sourcecode.swift; path = ContentView.swift; sourceTree = "<group>"; };
		15A475492A7B6F38009658A0 /* Assets.xcassets */ = {isa = PBXFileReference; lastKnownFileType = folder.assetcatalog; path = Assets.xcassets; sourceTree = "<group>"; };
		15A4754C2A7B6F38009658A0 /* Preview Assets.xcassets */ = {isa = PBXFileReference; lastKnownFileType = folder.assetcatalog; path = "Preview Assets.xcassets"; sourceTree = "<group>"; };
		15A475552A7B705B009658A0 /* DataModel.swift */ = {isa = PBXFileReference; lastKnownFileType = sourcecode.swift; path = DataModel.swift; sourceTree = "<group>"; };
		15A475572A7B70F5009658A0 /* API.swift */ = {isa = PBXFileReference; lastKnownFileType = sourcecode.swift; path = API.swift; sourceTree = "<group>"; };
		15A475592A7B77A8009658A0 /* StartView.swift */ = {isa = PBXFileReference; lastKnownFileType = sourcecode.swift; path = StartView.swift; sourceTree = "<group>"; };
		15A4755B2A7C01F9009658A0 /* QuestionView.swift */ = {isa = PBXFileReference; lastKnownFileType = sourcecode.swift; path = QuestionView.swift; sourceTree = "<group>"; };
		15A4755D2A7CBD8B009658A0 /* EndView.swift */ = {isa = PBXFileReference; lastKnownFileType = sourcecode.swift; path = EndView.swift; sourceTree = "<group>"; };
/* End PBXFileReference section */

/* Begin PBXFrameworksBuildPhase section */
		15A4753F2A7B6F35009658A0 /* Frameworks */ = {
			isa = PBXFrameworksBuildPhase;
			buildActionMask = 2147483647;
			files = (
			);
			runOnlyForDeploymentPostprocessing = 0;
		};
/* End PBXFrameworksBuildPhase section */

/* Begin PBXGroup section */
		15A475392A7B6F35009658A0 = {
			isa = PBXGroup;
			children = (
				15A475442A7B6F35009658A0 /* Quiz Game */,
				15A475432A7B6F35009658A0 /* Products */,
			);
			sourceTree = "<group>";
		};
		15A475432A7B6F35009658A0 /* Products */ = {
			isa = PBXGroup;
			children = (
				15A475422A7B6F35009658A0 /* Quiz Game.app */,
			);
			name = Products;
			sourceTree = "<group>";
		};
		15A475442A7B6F35009658A0 /* Quiz Game */ = {
			isa = PBXGroup;
			children = (
				15A475452A7B6F35009658A0 /* Quiz_GameApp.swift */,
				15A475472A7B6F35009658A0 /* ContentView.swift */,
				15A475542A7B6FBC009658A0 /* Views */,
				15A475532A7B6F7B009658A0 /* Models */,
				15A475492A7B6F38009658A0 /* Assets.xcassets */,
				15A4754B2A7B6F38009658A0 /* Preview Content */,
			);
			path = "Quiz Game";
			sourceTree = "<group>";
		};
		15A4754B2A7B6F38009658A0 /* Preview Content */ = {
			isa = PBXGroup;
			children = (
				15A4754C2A7B6F38009658A0 /* Preview Assets.xcassets */,
			);
			path = "Preview Content";
			sourceTree = "<group>";
		};
		15A475532A7B6F7B009658A0 /* Models */ = {
			isa = PBXGroup;
			children = (
				15A475552A7B705B009658A0 /* DataModel.swift */,
				15A475572A7B70F5009658A0 /* API.swift */,
			);
			path = Models;
			sourceTree = "<group>";
		};
		15A475542A7B6FBC009658A0 /* Views */ = {
			isa = PBXGroup;
			children = (
				15A475592A7B77A8009658A0 /* StartView.swift */,
				15A4755B2A7C01F9009658A0 /* QuestionView.swift */,
				15A4755D2A7CBD8B009658A0 /* EndView.swift */,
			);
			path = Views;
			sourceTree = "<group>";
		};
/* End PBXGroup section */

/* Begin PBXNativeTarget section */
		15A475412A7B6F35009658A0 /* Quiz Game */ = {
			isa = PBXNativeTarget;
			buildConfigurationList = 15A475502A7B6F38009658A0 /* Build configuration list for PBXNativeTarget "Quiz Game" */;
			buildPhases = (
				15A4753E2A7B6F35009658A0 /* Sources */,
				15A4753F2A7B6F35009658A0 /* Frameworks */,
				15A475402A7B6F35009658A0 /* Resources */,
			);
			buildRules = (
			);
			dependencies = (
			);
			name = "Quiz Game";
			productName = "Quiz Game";
			productReference = 15A475422A7B6F35009658A0 /* Quiz Game.app */;
			productType = "com.apple.product-type.application";
		};
/* End PBXNativeTarget section */

/* Begin PBXProject section */
		15A4753A2A7B6F35009658A0 /* Project object */ = {
			isa = PBXProject;
			attributes = {
				BuildIndependentTargetsInParallel = 1;
				LastSwiftUpdateCheck = 1420;
				LastUpgradeCheck = 1420;
				TargetAttributes = {
					15A475412A7B6F35009658A0 = {
						CreatedOnToolsVersion = 14.2;
					};
				};
			};
			buildConfigurationList = 15A4753D2A7B6F35009658A0 /* Build configuration list for PBXProject "Quiz Game" */;
			compatibilityVersion = "Xcode 14.0";
			developmentRegion = en;
			hasScannedForEncodings = 0;
			knownRegions = (
				en,
				Base,
			);
			mainGroup = 15A475392A7B6F35009658A0;
			productRefGroup = 15A475432A7B6F35009658A0 /* Products */;
			projectDirPath = "";
			projectRoot = "";
			targets = (
				15A475412A7B6F35009658A0 /* Quiz Game */,
			);
		};
/* End PBXProject section */

/* Begin PBXResourcesBuildPhase section */
		15A475402A7B6F35009658A0 /* Resources */ = {
			isa = PBXResourcesBuildPhase;
			buildActionMask = 2147483647;
			files = (
				15A4754D2A7B6F38009658A0 /* Preview Assets.xcassets in Resources */,
				15A4754A2A7B6F38009658A0 /* Assets.xcassets in Resources */,
			);
			runOnlyForDeploymentPostprocessing = 0;
		};
/* End PBXResourcesBuildPhase section */

/* Begin PBXSourcesBuildPhase section */
		15A4753E2A7B6F35009658A0 /* Sources */ = {
			isa = PBXSourcesBuildPhase;
			buildActionMask = 2147483647;
			files = (
				15A475482A7B6F35009658A0 /* ContentView.swift in Sources */,
				15A475462A7B6F35009658A0 /* Quiz_GameApp.swift in Sources */,
				15A475582A7B70F5009658A0 /* API.swift in Sources */,
				15A475562A7B705B009658A0 /* DataModel.swift in Sources */,
				15A4755C2A7C01F9009658A0 /* QuestionView.swift in Sources */,
				15A4755E2A7CBD8B009658A0 /* EndView.swift in Sources */,
				15A4755A2A7B77A8009658A0 /* StartView.swift in Sources */,
			);
			runOnlyForDeploymentPostprocessing = 0;
		};
/* End PBXSourcesBuildPhase section */

/* Begin XCBuildConfiguration section */
		15A4754E2A7B6F38009658A0 /* Debug */ = {
			isa = XCBuildConfiguration;
			buildSettings = {
				ALWAYS_SEARCH_USER_PATHS = NO;
				CLANG_ANALYZER_NONNULL = YES;
				CLANG_ANALYZER_NUMBER_OBJECT_CONVERSION = YES_AGGRESSIVE;
				CLANG_CXX_LANGUAGE_STANDARD = "gnu++20";
				CLANG_ENABLE_MODULES = YES;
				CLANG_ENABLE_OBJC_ARC = YES;
				CLANG_ENABLE_OBJC_WEAK = YES;
				CLANG_WARN_BLOCK_CAPTURE_AUTORELEASING = YES;
				CLANG_WARN_BOOL_CONVERSION = YES;
				CLANG_WARN_COMMA = YES;
				CLANG_WARN_CONSTANT_CONVERSION = YES;
				CLANG_WARN_DEPRECATED_OBJC_IMPLEMENTATIONS = YES;
				CLANG_WARN_DIRECT_OBJC_ISA_USAGE = YES_ERROR;
				CLANG_WARN_DOCUMENTATION_COMMENTS = YES;
				CLANG_WARN_EMPTY_BODY = YES;
				CLANG_WARN_ENUM_CONVERSION = YES;
				CLANG_WARN_INFINITE_RECURSION = YES;
				CLANG_WARN_INT_CONVERSION = YES;
				CLANG_WARN_NON_LITERAL_NULL_CONVERSION = YES;
				CLANG_WARN_OBJC_IMPLICIT_RETAIN_SELF = YES;
				CLANG_WARN_OBJC_LITERAL_CONVERSION = YES;
				CLANG_WARN_OBJC_ROOT_CLASS = YES_ERROR;
				CLANG_WARN_QUOTED_INCLUDE_IN_FRAMEWORK_HEADER = YES;
				CLANG_WARN_RANGE_LOOP_ANALYSIS = YES;
				CLANG_WARN_STRICT_PROTOTYPES = YES;
				CLANG_WARN_SUSPICIOUS_MOVE = YES;
				CLANG_WARN_UNGUARDED_AVAILABILITY = YES_AGGRESSIVE;
				CLANG_WARN_UNREACHABLE_CODE = YES;
				CLANG_WARN__DUPLICATE_METHOD_MATCH = YES;
				COPY_PHASE_STRIP = NO;
				DEBUG_INFORMATION_FORMAT = dwarf;
				ENABLE_STRICT_OBJC_MSGSEND = YES;
				ENABLE_TESTABILITY = YES;
				GCC_C_LANGUAGE_STANDARD = gnu11;
				GCC_DYNAMIC_NO_PIC = NO;
				GCC_NO_COMMON_BLOCKS = YES;
				GCC_OPTIMIZATION_LEVEL = 0;
				GCC_PREPROCESSOR_DEFINITIONS = (
					"DEBUG=1",
					"$(inherited)",
				);
				GCC_WARN_64_TO_32_BIT_CONVERSION = YES;
				GCC_WARN_ABOUT_RETURN_TYPE = YES_ERROR;
				GCC_WARN_UNDECLARED_SELECTOR = YES;
				GCC_WARN_UNINITIALIZED_AUTOS = YES_AGGRESSIVE;
				GCC_WARN_UNUSED_FUNCTION = YES;
				GCC_WARN_UNUSED_VARIABLE = YES;
				IPHONEOS_DEPLOYMENT_TARGET = 16.2;
				MTL_ENABLE_DEBUG_INFO = INCLUDE_SOURCE;
				MTL_FAST_MATH = YES;
				ONLY_ACTIVE_ARCH = YES;
				SDKROOT = iphoneos;
				SWIFT_ACTIVE_COMPILATION_CONDITIONS = DEBUG;
				SWIFT_OPTIMIZATION_LEVEL = "-Onone";
			};
			name = Debug;
		};
		15A4754F2A7B6F38009658A0 /* Release */ = {
			isa = XCBuildConfiguration;
			buildSettings = {
				ALWAYS_SEARCH_USER_PATHS = NO;
				CLANG_ANALYZER_NONNULL = YES;
				CLANG_ANALYZER_NUMBER_OBJECT_CONVERSION = YES_AGGRESSIVE;
				CLANG_CXX_LANGUAGE_STANDARD = "gnu++20";
				CLANG_ENABLE_MODULES = YES;
				CLANG_ENABLE_OBJC_ARC = YES;
				CLANG_ENABLE_OBJC_WEAK = YES;
				CLANG_WARN_BLOCK_CAPTURE_AUTORELEASING = YES;
				CLANG_WARN_BOOL_CONVERSION = YES;
				CLANG_WARN_COMMA = YES;
				CLANG_WARN_CONSTANT_CONVERSION = YES;
				CLANG_WARN_DEPRECATED_OBJC_IMPLEMENTATIONS = YES;
				CLANG_WARN_DIRECT_OBJC_ISA_USAGE = YES_ERROR;
				CLANG_WARN_DOCUMENTATION_COMMENTS = YES;
				CLANG_WARN_EMPTY_BODY = YES;
				CLANG_WARN_ENUM_CONVERSION = YES;
				CLANG_WARN_INFINITE_RECURSION = YES;
				CLANG_WARN_INT_CONVERSION = YES;
				CLANG_WARN_NON_LITERAL_NULL_CONVERSION = YES;
				CLANG_WARN_OBJC_IMPLICIT_RETAIN_SELF = YES;
				CLANG_WARN_OBJC_LITERAL_CONVERSION = YES;
				CLANG_WARN_OBJC_ROOT_CLASS = YES_ERROR;
				CLANG_WARN_QUOTED_INCLUDE_IN_FRAMEWORK_HEADER = YES;
				CLANG_WARN_RANGE_LOOP_ANALYSIS = YES;
				CLANG_WARN_STRICT_PROTOTYPES = YES;
				CLANG_WARN_SUSPICIOUS_MOVE = YES;
				CLANG_WARN_UNGUARDED_AVAILABILITY = YES_AGGRESSIVE;
				CLANG_WARN_UNREACHABLE_CODE = YES;
				CLANG_WARN__DUPLICATE_METHOD_MATCH = YES;
				COPY_PHASE_STRIP = NO;
				DEBUG_INFORMATION_FORMAT = "dwarf-with-dsym";
				ENABLE_NS_ASSERTIONS = NO;
				ENABLE_STRICT_OBJC_MSGSEND = YES;
				GCC_C_LANGUAGE_STANDARD = gnu11;
				GCC_NO_COMMON_BLOCKS = YES;
				GCC_WARN_64_TO_32_BIT_CONVERSION = YES;
				GCC_WARN_ABOUT_RETURN_TYPE = YES_ERROR;
				GCC_WARN_UNDECLARED_SELECTOR = YES;
				GCC_WARN_UNINITIALIZED_AUTOS = YES_AGGRESSIVE;
				GCC_WARN_UNUSED_FUNCTION = YES;
				GCC_WARN_UNUSED_VARIABLE = YES;
				IPHONEOS_DEPLOYMENT_TARGET = 16.2;
				MTL_ENABLE_DEBUG_INFO = NO;
				MTL_FAST_MATH = YES;
				SDKROOT = iphoneos;
				SWIFT_COMPILATION_MODE = wholemodule;
				SWIFT_OPTIMIZATION_LEVEL = "-O";
				VALIDATE_PRODUCT = YES;
			};
			name = Release;
		};
		15A475512A7B6F38009658A0 /* Debug */ = {
			isa = XCBuildConfiguration;
			buildSettings = {
				ASSETCATALOG_COMPILER_APPICON_NAME = AppIcon;
				ASSETCATALOG_COMPILER_GLOBAL_ACCENT_COLOR_NAME = AccentColor;
				CODE_SIGN_STYLE = Automatic;
				CURRENT_PROJECT_VERSION = 1;
				DEVELOPMENT_ASSET_PATHS = "\"Quiz Game/Preview Content\"";
				DEVELOPMENT_TEAM = 4DZX7HAJT6;
				ENABLE_PREVIEWS = YES;
				GENERATE_INFOPLIST_FILE = YES;
				INFOPLIST_KEY_LSApplicationCategoryType = "public.app-category.trivia-games";
				INFOPLIST_KEY_UIApplicationSceneManifest_Generation = YES;
				INFOPLIST_KEY_UIApplicationSupportsIndirectInputEvents = YES;
				INFOPLIST_KEY_UILaunchScreen_Generation = YES;
				INFOPLIST_KEY_UIRequiresFullScreen = NO;
				INFOPLIST_KEY_UIStatusBarStyle = UIStatusBarStyleDarkContent;
				INFOPLIST_KEY_UISupportedInterfaceOrientations = UIInterfaceOrientationPortrait;
				LD_RUNPATH_SEARCH_PATHS = (
					"$(inherited)",
					"@executable_path/Frameworks",
				);
				MARKETING_VERSION = 1.0;
				PRODUCT_BUNDLE_IDENTIFIER = "TestWorkApp.Quiz-Game";
				PRODUCT_NAME = "$(TARGET_NAME)";
				SUPPORTED_PLATFORMS = "iphoneos iphonesimulator";
				SUPPORTS_MACCATALYST = NO;
				SUPPORTS_MAC_DESIGNED_FOR_IPHONE_IPAD = NO;
				SWIFT_EMIT_LOC_STRINGS = YES;
				SWIFT_VERSION = 5.0;
				TARGETED_DEVICE_FAMILY = "1,2";
			};
			name = Debug;
		};
		15A475522A7B6F38009658A0 /* Release */ = {
			isa = XCBuildConfiguration;
			buildSettings = {
				ASSETCATALOG_COMPILER_APPICON_NAME = AppIcon;
				ASSETCATALOG_COMPILER_GLOBAL_ACCENT_COLOR_NAME = AccentColor;
				CODE_SIGN_STYLE = Automatic;
				CURRENT_PROJECT_VERSION = 1;
				DEVELOPMENT_ASSET_PATHS = "\"Quiz Game/Preview Content\"";
				DEVELOPMENT_TEAM = 4DZX7HAJT6;
				ENABLE_PREVIEWS = YES;
				GENERATE_INFOPLIST_FILE = YES;
				INFOPLIST_KEY_LSApplicationCategoryType = "public.app-category.trivia-games";
				INFOPLIST_KEY_UIApplicationSceneManifest_Generation = YES;
				INFOPLIST_KEY_UIApplicationSupportsIndirectInputEvents = YES;
				INFOPLIST_KEY_UILaunchScreen_Generation = YES;
				INFOPLIST_KEY_UIRequiresFullScreen = NO;
				INFOPLIST_KEY_UIStatusBarStyle = UIStatusBarStyleDarkContent;
				INFOPLIST_KEY_UISupportedInterfaceOrientations = UIInterfaceOrientationPortrait;
				LD_RUNPATH_SEARCH_PATHS = (
					"$(inherited)",
					"@executable_path/Frameworks",
				);
				MARKETING_VERSION = 1.0;
				PRODUCT_BUNDLE_IDENTIFIER = "TestWorkApp.Quiz-Game";
				PRODUCT_NAME = "$(TARGET_NAME)";
				SUPPORTED_PLATFORMS = "iphoneos iphonesimulator";
				SUPPORTS_MACCATALYST = NO;
				SUPPORTS_MAC_DESIGNED_FOR_IPHONE_IPAD = NO;
				SWIFT_EMIT_LOC_STRINGS = YES;
				SWIFT_VERSION = 5.0;
				TARGETED_DEVICE_FAMILY = "1,2";
			};
			name = Release;
		};
/* End XCBuildConfiguration section */

/* Begin XCConfigurationList section */
		15A4753D2A7B6F35009658A0 /* Build configuration list for PBXProject "Quiz Game" */ = {
			isa = XCConfigurationList;
			buildConfigurations = (
				15A4754E2A7B6F38009658A0 /* Debug */,
				15A4754F2A7B6F38009658A0 /* Release */,
			);
			defaultConfigurationIsVisible = 0;
			defaultConfigurationName = Release;
		};
		15A475502A7B6F38009658A0 /* Build configuration list for PBXNativeTarget "Quiz Game" */ = {
			isa = XCConfigurationList;
			buildConfigurations = (
				15A475512A7B6F38009658A0 /* Debug */,
				15A475522A7B6F38009658A0 /* Release */,
			);
			defaultConfigurationIsVisible = 0;
			defaultConfigurationName = Release;
		};
/* End XCConfigurationList section */
	};
	rootObject = 15A4753A2A7B6F35009658A0 /* Project object */;
}
